// !$*UTF8*$!
{
	archiveVersion = 1;
	classes = {
	};
	objectVersion = 50;
	objects = {

/* Begin PBXBuildFile section */
		9673F760247CD2B8005A2BFA /* AppDelegate.swift in Sources */ = {isa = PBXBuildFile; fileRef = 9673F75F247CD2B8005A2BFA /* AppDelegate.swift */; };
		9673F762247CD2B8005A2BFA /* SceneDelegate.swift in Sources */ = {isa = PBXBuildFile; fileRef = 9673F761247CD2B8005A2BFA /* SceneDelegate.swift */; };
		9673F766247CD2BC005A2BFA /* Assets.xcassets in Resources */ = {isa = PBXBuildFile; fileRef = 9673F765247CD2BC005A2BFA /* Assets.xcassets */; };
		9673F769247CD2BC005A2BFA /* Preview Assets.xcassets in Resources */ = {isa = PBXBuildFile; fileRef = 9673F768247CD2BC005A2BFA /* Preview Assets.xcassets */; };
		9673F76C247CD2BC005A2BFA /* LaunchScreen.storyboard in Resources */ = {isa = PBXBuildFile; fileRef = 9673F76A247CD2BC005A2BFA /* LaunchScreen.storyboard */; };
		9673F774247CD38A005A2BFA /* LandmarkList.swift in Sources */ = {isa = PBXBuildFile; fileRef = 9673F773247CD38A005A2BFA /* LandmarkList.swift */; };
		9673F776247CD478005A2BFA /* Landmark.swift in Sources */ = {isa = PBXBuildFile; fileRef = 9673F775247CD478005A2BFA /* Landmark.swift */; };
/* End PBXBuildFile section */

/* Begin PBXFileReference section */
		9673F75C247CD2B8005A2BFA /* Landmark List App.app */ = {isa = PBXFileReference; explicitFileType = wrapper.application; includeInIndex = 0; path = "Landmark List App.app"; sourceTree = BUILT_PRODUCTS_DIR; };
		9673F75F247CD2B8005A2BFA /* AppDelegate.swift */ = {isa = PBXFileReference; lastKnownFileType = sourcecode.swift; path = AppDelegate.swift; sourceTree = "<group>"; };
		9673F761247CD2B8005A2BFA /* SceneDelegate.swift */ = {isa = PBXFileReference; lastKnownFileType = sourcecode.swift; path = SceneDelegate.swift; sourceTree = "<group>"; };
		9673F765247CD2BC005A2BFA /* Assets.xcassets */ = {isa = PBXFileReference; lastKnownFileType = folder.assetcatalog; path = Assets.xcassets; sourceTree = "<group>"; };
		9673F768247CD2BC005A2BFA /* Preview Assets.xcassets */ = {isa = PBXFileReference; lastKnownFileType = folder.assetcatalog; path = "Preview Assets.xcassets"; sourceTree = "<group>"; };
		9673F76B247CD2BC005A2BFA /* Base */ = {isa = PBXFileReference; lastKnownFileType = file.storyboard; name = Base; path = Base.lproj/LaunchScreen.storyboard; sourceTree = "<group>"; };
		9673F76D247CD2BC005A2BFA /* Info.plist */ = {isa = PBXFileReference; lastKnownFileType = text.plist.xml; path = Info.plist; sourceTree = "<group>"; };
		9673F773247CD38A005A2BFA /* LandmarkList.swift */ = {isa = PBXFileReference; lastKnownFileType = sourcecode.swift; path = LandmarkList.swift; sourceTree = "<group>"; };
		9673F775247CD478005A2BFA /* Landmark.swift */ = {isa = PBXFileReference; lastKnownFileType = sourcecode.swift; path = Landmark.swift; sourceTree = "<group>"; };
/* End PBXFileReference section */

/* Begin PBXFrameworksBuildPhase section */
		9673F759247CD2B8005A2BFA /* Frameworks */ = {
			isa = PBXFrameworksBuildPhase;
			buildActionMask = 2147483647;
			files = (
			);
			runOnlyForDeploymentPostprocessing = 0;
		};
/* End PBXFrameworksBuildPhase section */

/* Begin PBXGroup section */
		9673F753247CD2B7005A2BFA = {
			isa = PBXGroup;
			children = (
				9673F75E247CD2B8005A2BFA /* Landmark List App */,
				9673F75D247CD2B8005A2BFA /* Products */,
			);
			sourceTree = "<group>";
		};
		9673F75D247CD2B8005A2BFA /* Products */ = {
			isa = PBXGroup;
			children = (
				9673F75C247CD2B8005A2BFA /* Landmark List App.app */,
			);
			name = Products;
			sourceTree = "<group>";
		};
		9673F75E247CD2B8005A2BFA /* Landmark List App */ = {
			isa = PBXGroup;
			children = (
				9673F75F247CD2B8005A2BFA /* AppDelegate.swift */,
				9673F761247CD2B8005A2BFA /* SceneDelegate.swift */,
				9673F773247CD38A005A2BFA /* LandmarkList.swift */,
				9673F775247CD478005A2BFA /* Landmark.swift */,
				9673F765247CD2BC005A2BFA /* Assets.xcassets */,
				9673F76A247CD2BC005A2BFA /* LaunchScreen.storyboard */,
				9673F76D247CD2BC005A2BFA /* Info.plist */,
				9673F767247CD2BC005A2BFA /* Preview Content */,
			);
			path = "Landmark List App";
			sourceTree = "<group>";
		};
		9673F767247CD2BC005A2BFA /* Preview Content */ = {
			isa = PBXGroup;
			children = (
				9673F768247CD2BC005A2BFA /* Preview Assets.xcassets */,
			);
			path = "Preview Content";
			sourceTree = "<group>";
		};
/* End PBXGroup section */

/* Begin PBXNativeTarget section */
		9673F75B247CD2B8005A2BFA /* Landmark List App */ = {
			isa = PBXNativeTarget;
			buildConfigurationList = 9673F770247CD2BC005A2BFA /* Build configuration list for PBXNativeTarget "Landmark List App" */;
			buildPhases = (
				9673F758247CD2B8005A2BFA /* Sources */,
				9673F759247CD2B8005A2BFA /* Frameworks */,
				9673F75A247CD2B8005A2BFA /* Resources */,
			);
			buildRules = (
			);
			dependencies = (
			);
			name = "Landmark List App";
			productName = "Landmark List App";
			productReference = 9673F75C247CD2B8005A2BFA /* Landmark List App.app */;
			productType = "com.apple.product-type.application";
		};
/* End PBXNativeTarget section */

/* Begin PBXProject section */
		9673F754247CD2B7005A2BFA /* Project object */ = {
			isa = PBXProject;
			attributes = {
				LastSwiftUpdateCheck = 1130;
				LastUpgradeCheck = 1130;
				ORGANIZATIONNAME = "The book Air";
				TargetAttributes = {
					9673F75B247CD2B8005A2BFA = {
						CreatedOnToolsVersion = 11.3.1;
					};
				};
			};
			buildConfigurationList = 9673F757247CD2B8005A2BFA /* Build configuration list for PBXProject "Landmark List App" */;
			compatibilityVersion = "Xcode 9.3";
			developmentRegion = en;
			hasScannedForEncodings = 0;
			knownRegions = (
				en,
				Base,
			);
			mainGroup = 9673F753247CD2B7005A2BFA;
			productRefGroup = 9673F75D247CD2B8005A2BFA /* Products */;
			projectDirPath = "";
			projectRoot = "";
			targets = (
				9673F75B247CD2B8005A2BFA /* Landmark List App */,
			);
		};
/* End PBXProject section */

/* Begin PBXResourcesBuildPhase section */
		9673F75A247CD2B8005A2BFA /* Resources */ = {
			isa = PBXResourcesBuildPhase;
			buildActionMask = 2147483647;
			files = (
				9673F76C247CD2BC005A2BFA /* LaunchScreen.storyboard in Resources */,
				9673F769247CD2BC005A2BFA /* Preview Assets.xcassets in Resources */,
				9673F766247CD2BC005A2BFA /* Assets.xcassets in Resources */,
			);
			runOnlyForDeploymentPostprocessing = 0;
		};
/* End PBXResourcesBuildPhase section */

/* Begin PBXSourcesBuildPhase section */
		9673F758247CD2B8005A2BFA /* Sources */ = {
			isa = PBXSourcesBuildPhase;
			buildActionMask = 2147483647;
			files = (
				9673F760247CD2B8005A2BFA /* AppDelegate.swift in Sources */,
				9673F762247CD2B8005A2BFA /* SceneDelegate.swift in Sources */,
				9673F774247CD38A005A2BFA /* LandmarkList.swift in Sources */,
				9673F776247CD478005A2BFA /* Landmark.swift in Sources */,
			);
			runOnlyForDeploymentPostprocessing = 0;
		};
/* End PBXSourcesBuildPhase section */

/* Begin PBXVariantGroup section */
		9673F76A247CD2BC005A2BFA /* LaunchScreen.storyboard */ = {
			isa = PBXVariantGroup;
			children = (
				9673F76B247CD2BC005A2BFA /* Base */,
			);
			name = LaunchScreen.storyboard;
			sourceTree = "<group>";
		};
/* End PBXVariantGroup section */

/* Begin XCBuildConfiguration section */
		9673F76E247CD2BC005A2BFA /* Debug */ = {
			isa = XCBuildConfiguration;
			buildSettings = {
				ALWAYS_SEARCH_USER_PATHS = NO;
				CLANG_ANALYZER_NONNULL = YES;
				CLANG_ANALYZER_NUMBER_OBJECT_CONVERSION = YES_AGGRESSIVE;
				CLANG_CXX_LANGUAGE_STANDARD = "gnu++14";
				CLANG_CXX_LIBRARY = "libc++";
				CLANG_ENABLE_MODULES = YES;
				CLANG_ENABLE_OBJC_ARC = YES;
				CLANG_ENABLE_OBJC_WEAK = YES;
				CLANG_WARN_BLOCK_CAPTURE_AUTORELEASING = YES;
				CLANG_WARN_BOOL_CONVERSION = YES;
				CLANG_WARN_COMMA = YES;
				CLANG_WARN_CONSTANT_CONVERSION = YES;
				CLANG_WARN_DEPRECATED_OBJC_IMPLEMENTATIONS = YES;
				CLANG_WARN_DIRECT_OBJC_ISA_USAGE = YES_ERROR;
				CLANG_WARN_DOCUMENTATION_COMMENTS = YES;
				CLANG_WARN_EMPTY_BODY = YES;
				CLANG_WARN_ENUM_CONVERSION = YES;
				CLANG_WARN_INFINITE_RECURSION = YES;
				CLANG_WARN_INT_CONVERSION = YES;
				CLANG_WARN_NON_LITERAL_NULL_CONVERSION = YES;
				CLANG_WARN_OBJC_IMPLICIT_RETAIN_SELF = YES;
				CLANG_WARN_OBJC_LITERAL_CONVERSION = YES;
				CLANG_WARN_OBJC_ROOT_CLASS = YES_ERROR;
				CLANG_WARN_RANGE_LOOP_ANALYSIS = YES;
				CLANG_WARN_STRICT_PROTOTYPES = YES;
				CLANG_WARN_SUSPICIOUS_MOVE = YES;
				CLANG_WARN_UNGUARDED_AVAILABILITY = YES_AGGRESSIVE;
				CLANG_WARN_UNREACHABLE_CODE = YES;
				CLANG_WARN__DUPLICATE_METHOD_MATCH = YES;
				COPY_PHASE_STRIP = NO;
				DEBUG_INFORMATION_FORMAT = dwarf;
				ENABLE_STRICT_OBJC_MSGSEND = YES;
				ENABLE_TESTABILITY = YES;
				GCC_C_LANGUAGE_STANDARD = gnu11;
				GCC_DYNAMIC_NO_PIC = NO;
				GCC_NO_COMMON_BLOCKS = YES;
				GCC_OPTIMIZATION_LEVEL = 0;
				GCC_PREPROCESSOR_DEFINITIONS = (
					"DEBUG=1",
					"$(inherited)",
				);
				GCC_WARN_64_TO_32_BIT_CONVERSION = YES;
				GCC_WARN_ABOUT_RETURN_TYPE = YES_ERROR;
				GCC_WARN_UNDECLARED_SELECTOR = YES;
				GCC_WARN_UNINITIALIZED_AUTOS = YES_AGGRESSIVE;
				GCC_WARN_UNUSED_FUNCTION = YES;
				GCC_WARN_UNUSED_VARIABLE = YES;
				IPHONEOS_DEPLOYMENT_TARGET = 13.2;
				MTL_ENABLE_DEBUG_INFO = INCLUDE_SOURCE;
				MTL_FAST_MATH = YES;
				ONLY_ACTIVE_ARCH = YES;
				SDKROOT = iphoneos;
				SWIFT_ACTIVE_COMPILATION_CONDITIONS = DEBUG;
				SWIFT_OPTIMIZATION_LEVEL = "-Onone";
			};
			name = Debug;
		};
		9673F76F247CD2BC005A2BFA /* Release */ = {
			isa = XCBuildConfiguration;
			buildSettings = {
				ALWAYS_SEARCH_USER_PATHS = NO;
				CLANG_ANALYZER_NONNULL = YES;
				CLANG_ANALYZER_NUMBER_OBJECT_CONVERSION = YES_AGGRESSIVE;
				CLANG_CXX_LANGUAGE_STANDARD = "gnu++14";
				CLANG_CXX_LIBRARY = "libc++";
				CLANG_ENABLE_MODULES = YES;
				CLANG_ENABLE_OBJC_ARC = YES;
				CLANG_ENABLE_OBJC_WEAK = YES;
				CLANG_WARN_BLOCK_CAPTURE_AUTORELEASING = YES;
				CLANG_WARN_BOOL_CONVERSION = YES;
				CLANG_WARN_COMMA = YES;
				CLANG_WARN_CONSTANT_CONVERSION = YES;
				CLANG_WARN_DEPRECATED_OBJC_IMPLEMENTATIONS = YES;
				CLANG_WARN_DIRECT_OBJC_ISA_USAGE = YES_ERROR;
				CLANG_WARN_DOCUMENTATION_COMMENTS = YES;
				CLANG_WARN_EMPTY_BODY = YES;
				CLANG_WARN_ENUM_CONVERSION = YES;
				CLANG_WARN_INFINITE_RECURSION = YES;
				CLANG_WARN_INT_CONVERSION = YES;
				CLANG_WARN_NON_LITERAL_NULL_CONVERSION = YES;
				CLANG_WARN_OBJC_IMPLICIT_RETAIN_SELF = YES;
				CLANG_WARN_OBJC_LITERAL_CONVERSION = YES;
				CLANG_WARN_OBJC_ROOT_CLASS = YES_ERROR;
				CLANG_WARN_RANGE_LOOP_ANALYSIS = YES;
				CLANG_WARN_STRICT_PROTOTYPES = YES;
				CLANG_WARN_SUSPICIOUS_MOVE = YES;
				CLANG_WARN_UNGUARDED_AVAILABILITY = YES_AGGRESSIVE;
				CLANG_WARN_UNREACHABLE_CODE = YES;
				CLANG_WARN__DUPLICATE_METHOD_MATCH = YES;
				COPY_PHASE_STRIP = NO;
				DEBUG_INFORMATION_FORMAT = "dwarf-with-dsym";
				ENABLE_NS_ASSERTIONS = NO;
				ENABLE_STRICT_OBJC_MSGSEND = YES;
				GCC_C_LANGUAGE_STANDARD = gnu11;
				GCC_NO_COMMON_BLOCKS = YES;
				GCC_WARN_64_TO_32_BIT_CONVERSION = YES;
				GCC_WARN_ABOUT_RETURN_TYPE = YES_ERROR;
				GCC_WARN_UNDECLARED_SELECTOR = YES;
				GCC_WARN_UNINITIALIZED_AUTOS = YES_AGGRESSIVE;
				GCC_WARN_UNUSED_FUNCTION = YES;
				GCC_WARN_UNUSED_VARIABLE = YES;
				IPHONEOS_DEPLOYMENT_TARGET = 13.2;
				MTL_ENABLE_DEBUG_INFO = NO;
				MTL_FAST_MATH = YES;
				SDKROOT = iphoneos;
				SWIFT_COMPILATION_MODE = wholemodule;
				SWIFT_OPTIMIZATION_LEVEL = "-O";
				VALIDATE_PRODUCT = YES;
			};
			name = Release;
		};
		9673F771247CD2BC005A2BFA /* Debug */ = {
			isa = XCBuildConfiguration;
			buildSettings = {
				ASSETCATALOG_COMPILER_APPICON_NAME = AppIcon;
				CODE_SIGN_STYLE = Automatic;
				DEVELOPMENT_ASSET_PATHS = "\"Landmark List App/Preview Content\"";
				DEVELOPMENT_TEAM = 6UFY22SQMW;
				ENABLE_PREVIEWS = YES;
				INFOPLIST_FILE = "Landmark List App/Info.plist";
				LD_RUNPATH_SEARCH_PATHS = (
					"$(inherited)",
					"@executable_path/Frameworks",
				);
				PRODUCT_BUNDLE_IDENTIFIER = "com.jisung.Landmark-List-App";
				PRODUCT_NAME = "$(TARGET_NAME)";
				SWIFT_VERSION = 5.0;
				TARGETED_DEVICE_FAMILY = "1,2";
			};
			name = Debug;
		};
		9673F772247CD2BC005A2BFA /* Release */ = {
			isa = XCBuildConfiguration;
			buildSettings = {
				ASSETCATALOG_COMPILER_APPICON_NAME = AppIcon;
				CODE_SIGN_STYLE = Automatic;
				DEVELOPMENT_ASSET_PATHS = "\"Landmark List App/Preview Content\"";
				DEVELOPMENT_TEAM = 6UFY22SQMW;
				ENABLE_PREVIEWS = YES;
				INFOPLIST_FILE = "Landmark List App/Info.plist";
				LD_RUNPATH_SEARCH_PATHS = (
					"$(inherited)",
					"@executable_path/Frameworks",
				);
				PRODUCT_BUNDLE_IDENTIFIER = "com.jisung.Landmark-List-App";
				PRODUCT_NAME = "$(TARGET_NAME)";
				SWIFT_VERSION = 5.0;
				TARGETED_DEVICE_FAMILY = "1,2";
			};
			name = Release;
		};
/* End XCBuildConfiguration section */

/* Begin XCConfigurationList section */
		9673F757247CD2B8005A2BFA /* Build configuration list for PBXProject "Landmark List App" */ = {
			isa = XCConfigurationList;
			buildConfigurations = (
				9673F76E247CD2BC005A2BFA /* Debug */,
				9673F76F247CD2BC005A2BFA /* Release */,
			);
			defaultConfigurationIsVisible = 0;
			defaultConfigurationName = Release;
		};
		9673F770247CD2BC005A2BFA /* Build configuration list for PBXNativeTarget "Landmark List App" */ = {
			isa = XCConfigurationList;
			buildConfigurations = (
				9673F771247CD2BC005A2BFA /* Debug */,
				9673F772247CD2BC005A2BFA /* Release */,
			);
			defaultConfigurationIsVisible = 0;
			defaultConfigurationName = Release;
		};
/* End XCConfigurationList section */
	};
	rootObject = 9673F754247CD2B7005A2BFA /* Project object */;
}
